
Microsoft Visual Studio Solution File, Format Version 12.00
# Visual Studio Version 16
VisualStudioVersion = 16.0.32428.217
MinimumVisualStudioVersion = 10.0.40219.1
Project("{FAE04EC0-301F-11D3-BF4B-00C04F79EFBC}") = "CampeonBarrio1", "CampeonBarrio1.csproj", "{9AF3FAC5-C193-4D1C-9835-DEA91B02A780}"
EndProject
Project("{FAE04EC0-301F-11D3-BF4B-00C04F79EFBC}") = "TestCampeonBarrio", "..\TestCampeonBarrio\TestCampeonBarrio.csproj", "{B7DE5C5C-E513-4C5A-930B-01CEB59F96AF}"
EndProject
Global
	GlobalSection(SolutionConfigurationPlatforms) = preSolution
		Debug|Any CPU = Debug|Any CPU
		Release|Any CPU = Release|Any CPU
	EndGlobalSection
	GlobalSection(ProjectConfigurationPlatforms) = postSolution
		{9AF3FAC5-C193-4D1C-9835-DEA91B02A780}.Debug|Any CPU.ActiveCfg = Debug|Any CPU
		{9AF3FAC5-C193-4D1C-9835-DEA91B02A780}.Debug|Any CPU.Build.0 = Debug|Any CPU
		{9AF3FAC5-C193-4D1C-9835-DEA91B02A780}.Release|Any CPU.ActiveCfg = Release|Any CPU
		{9AF3FAC5-C193-4D1C-9835-DEA91B02A780}.Release|Any CPU.Build.0 = Release|Any CPU
		{B7DE5C5C-E513-4C5A-930B-01CEB59F96AF}.Debug|Any CPU.ActiveCfg = Debug|Any CPU
		{B7DE5C5C-E513-4C5A-930B-01CEB59F96AF}.Debug|Any CPU.Build.0 = Debug|Any CPU
		{B7DE5C5C-E513-4C5A-930B-01CEB59F96AF}.Release|Any CPU.ActiveCfg = Release|Any CPU
		{B7DE5C5C-E513-4C5A-930B-01CEB59F96AF}.Release|Any CPU.Build.0 = Release|Any CPU
	EndGlobalSection
	GlobalSection(SolutionProperties) = preSolution
		HideSolutionNode = FALSE
	EndGlobalSection
	GlobalSection(ExtensibilityGlobals) = postSolution
		SolutionGuid = {4B9F95DB-9849-4C27-AB0D-59C8B24E1A77}
	EndGlobalSection
EndGlobal
